
Microsoft Visual Studio Solution File, Format Version 12.00
# Visual Studio 15
VisualStudioVersion = 15.0.28307.1525
MinimumVisualStudioVersion = 10.0.40219.1
Project("{FAE04EC0-301F-11D3-BF4B-00C04F79EFBC}") = "ConsoleApp1", "ConsoleApp1.csproj", "{06C2BF63-7806-4473-B876-34D7108429EE}"
EndProject
Global
	GlobalSection(SolutionConfigurationPlatforms) = preSolution
		Debug|Any CPU = Debug|Any CPU
		Release|Any CPU = Release|Any CPU
	EndGlobalSection
	GlobalSection(ProjectConfigurationPlatforms) = postSolution
		{06C2BF63-7806-4473-B876-34D7108429EE}.Debug|Any CPU.ActiveCfg = Debug|Any CPU
		{06C2BF63-7806-4473-B876-34D7108429EE}.Debug|Any CPU.Build.0 = Debug|Any CPU
		{06C2BF63-7806-4473-B876-34D7108429EE}.Release|Any CPU.ActiveCfg = Release|Any CPU
		{06C2BF63-7806-4473-B876-34D7108429EE}.Release|Any CPU.Build.0 = Release|Any CPU
	EndGlobalSection
	GlobalSection(SolutionProperties) = preSolution
		HideSolutionNode = FALSE
	EndGlobalSection
	GlobalSection(ExtensibilityGlobals) = postSolution
		SolutionGuid = {3243600A-A8C1-4B26-AD35-C8DE40B74152}
	EndGlobalSection
EndGlobal
